
Microsoft Visual Studio Solution File, Format Version 12.00
# Visual Studio Version 17
VisualStudioVersion = 17.8.34511.84
MinimumVisualStudioVersion = 10.0.40219.1
Project("{9A19103F-16F7-4668-BE54-9A1E7A4F7556}") = "crypto-scanner.UI", "crypto-scanner.UI\crypto-scanner.UI.csproj", "{5AD9D707-5FB3-4D31-B983-67216CDBCC24}"
EndProject
Project("{9A19103F-16F7-4668-BE54-9A1E7A4F7556}") = "crypto-scanner.App", "crypto-scanner.App\crypto-scanner.App.csproj", "{F5A84989-0FB2-49C1-A9E9-ACB5FCDF7156}"
EndProject
Project("{9A19103F-16F7-4668-BE54-9A1E7A4F7556}") = "crypto-scanner.Data", "crypto-scanner.Data\crypto-scanner.Data.csproj", "{602051AB-B8AD-47D3-92F8-E2C38763068F}"
EndProject
Global
	GlobalSection(SolutionConfigurationPlatforms) = preSolution
		Debug|Any CPU = Debug|Any CPU
		Release|Any CPU = Release|Any CPU
	EndGlobalSection
	GlobalSection(ProjectConfigurationPlatforms) = postSolution
		{5AD9D707-5FB3-4D31-B983-67216CDBCC24}.Debug|Any CPU.ActiveCfg = Debug|Any CPU
		{5AD9D707-5FB3-4D31-B983-67216CDBCC24}.Debug|Any CPU.Build.0 = Debug|Any CPU
		{5AD9D707-5FB3-4D31-B983-67216CDBCC24}.Release|Any CPU.ActiveCfg = Release|Any CPU
		{5AD9D707-5FB3-4D31-B983-67216CDBCC24}.Release|Any CPU.Build.0 = Release|Any CPU
		{F5A84989-0FB2-49C1-A9E9-ACB5FCDF7156}.Debug|Any CPU.ActiveCfg = Debug|Any CPU
		{F5A84989-0FB2-49C1-A9E9-ACB5FCDF7156}.Debug|Any CPU.Build.0 = Debug|Any CPU
		{F5A84989-0FB2-49C1-A9E9-ACB5FCDF7156}.Release|Any CPU.ActiveCfg = Release|Any CPU
		{F5A84989-0FB2-49C1-A9E9-ACB5FCDF7156}.Release|Any CPU.Build.0 = Release|Any CPU
		{602051AB-B8AD-47D3-92F8-E2C38763068F}.Debug|Any CPU.ActiveCfg = Debug|Any CPU
		{602051AB-B8AD-47D3-92F8-E2C38763068F}.Debug|Any CPU.Build.0 = Debug|Any CPU
		{602051AB-B8AD-47D3-92F8-E2C38763068F}.Release|Any CPU.ActiveCfg = Release|Any CPU
		{602051AB-B8AD-47D3-92F8-E2C38763068F}.Release|Any CPU.Build.0 = Release|Any CPU
	EndGlobalSection
	GlobalSection(SolutionProperties) = preSolution
		HideSolutionNode = FALSE
	EndGlobalSection
	GlobalSection(ExtensibilityGlobals) = postSolution
		SolutionGuid = {1CBB0B85-1932-4DFC-8C32-49907E1EAC95}
	EndGlobalSection
EndGlobal
